// !$*UTF8*$!
{
	archiveVersion = 1;
	classes = {
	};
	objectVersion = 50;
	objects = {

/* Begin PBXBuildFile section */
		A254FC3D2078AF4A00F48DD0 /* clap.mp3 in Resources */ = {isa = PBXBuildFile; fileRef = A254FC3C2078AF4A00F48DD0 /* clap.mp3 */; };
		A254FC402078AFEB00F48DD0 /* AVFoundation.framework in Frameworks */ = {isa = PBXBuildFile; fileRef = A254FC3F2078AFEB00F48DD0 /* AVFoundation.framework */; };
		A2631D59207F91A50056D0F2 /* CoreBluetooth.framework in Frameworks */ = {isa = PBXBuildFile; fileRef = A2631D56207F91A50056D0F2 /* CoreBluetooth.framework */; };
		A2631D5A207F91A50056D0F2 /* IOBluetooth.framework in Frameworks */ = {isa = PBXBuildFile; fileRef = A2631D57207F91A50056D0F2 /* IOBluetooth.framework */; };
		A2631D5B207F91A50056D0F2 /* IOBluetoothUI.framework in Frameworks */ = {isa = PBXBuildFile; fileRef = A2631D58207F91A50056D0F2 /* IOBluetoothUI.framework */; };
		A2B97C8F20709753005D5FCE /* AppDelegate.swift in Sources */ = {isa = PBXBuildFile; fileRef = A2B97C8E20709753005D5FCE /* AppDelegate.swift */; };
		A2B97C9120709753005D5FCE /* ViewController.swift in Sources */ = {isa = PBXBuildFile; fileRef = A2B97C9020709753005D5FCE /* ViewController.swift */; };
		A2B97C9320709755005D5FCE /* Assets.xcassets in Resources */ = {isa = PBXBuildFile; fileRef = A2B97C9220709755005D5FCE /* Assets.xcassets */; };
		A2B97C9620709755005D5FCE /* Main.storyboard in Resources */ = {isa = PBXBuildFile; fileRef = A2B97C9420709755005D5FCE /* Main.storyboard */; };
/* End PBXBuildFile section */

/* Begin PBXFileReference section */
		A254FC3C2078AF4A00F48DD0 /* clap.mp3 */ = {isa = PBXFileReference; lastKnownFileType = audio.mp3; path = clap.mp3; sourceTree = "<group>"; };
		A254FC3F2078AFEB00F48DD0 /* AVFoundation.framework */ = {isa = PBXFileReference; lastKnownFileType = wrapper.framework; name = AVFoundation.framework; path = System/Library/Frameworks/AVFoundation.framework; sourceTree = SDKROOT; };
		A2631D56207F91A50056D0F2 /* CoreBluetooth.framework */ = {isa = PBXFileReference; lastKnownFileType = wrapper.framework; name = CoreBluetooth.framework; path = System/Library/Frameworks/CoreBluetooth.framework; sourceTree = SDKROOT; };
		A2631D57207F91A50056D0F2 /* IOBluetooth.framework */ = {isa = PBXFileReference; lastKnownFileType = wrapper.framework; name = IOBluetooth.framework; path = System/Library/Frameworks/IOBluetooth.framework; sourceTree = SDKROOT; };
		A2631D58207F91A50056D0F2 /* IOBluetoothUI.framework */ = {isa = PBXFileReference; lastKnownFileType = wrapper.framework; name = IOBluetoothUI.framework; path = System/Library/Frameworks/IOBluetoothUI.framework; sourceTree = SDKROOT; };
		A2B97C8B20709753005D5FCE /* timer.app */ = {isa = PBXFileReference; explicitFileType = wrapper.application; includeInIndex = 0; path = timer.app; sourceTree = BUILT_PRODUCTS_DIR; };
		A2B97C8E20709753005D5FCE /* AppDelegate.swift */ = {isa = PBXFileReference; lastKnownFileType = sourcecode.swift; path = AppDelegate.swift; sourceTree = "<group>"; };
		A2B97C9020709753005D5FCE /* ViewController.swift */ = {isa = PBXFileReference; lastKnownFileType = sourcecode.swift; path = ViewController.swift; sourceTree = "<group>"; };
		A2B97C9220709755005D5FCE /* Assets.xcassets */ = {isa = PBXFileReference; lastKnownFileType = folder.assetcatalog; path = Assets.xcassets; sourceTree = "<group>"; };
		A2B97C9520709755005D5FCE /* Base */ = {isa = PBXFileReference; lastKnownFileType = file.storyboard; name = Base; path = Base.lproj/Main.storyboard; sourceTree = "<group>"; };
		A2B97C9720709755005D5FCE /* Info.plist */ = {isa = PBXFileReference; lastKnownFileType = text.plist.xml; path = Info.plist; sourceTree = "<group>"; };
		A2B97C9820709755005D5FCE /* timer.entitlements */ = {isa = PBXFileReference; lastKnownFileType = text.plist.entitlements; path = timer.entitlements; sourceTree = "<group>"; };
/* End PBXFileReference section */

/* Begin PBXFrameworksBuildPhase section */
		A2B97C8820709753005D5FCE /* Frameworks */ = {
			isa = PBXFrameworksBuildPhase;
			buildActionMask = 2147483647;
			files = (
				A2631D59207F91A50056D0F2 /* CoreBluetooth.framework in Frameworks */,
				A2631D5A207F91A50056D0F2 /* IOBluetooth.framework in Frameworks */,
				A2631D5B207F91A50056D0F2 /* IOBluetoothUI.framework in Frameworks */,
				A254FC402078AFEB00F48DD0 /* AVFoundation.framework in Frameworks */,
			);
			runOnlyForDeploymentPostprocessing = 0;
		};
/* End PBXFrameworksBuildPhase section */

/* Begin PBXGroup section */
		A254FC3E2078AFEB00F48DD0 /* Frameworks */ = {
			isa = PBXGroup;
			children = (
				A2631D56207F91A50056D0F2 /* CoreBluetooth.framework */,
				A2631D57207F91A50056D0F2 /* IOBluetooth.framework */,
				A2631D58207F91A50056D0F2 /* IOBluetoothUI.framework */,
				A254FC3F2078AFEB00F48DD0 /* AVFoundation.framework */,
			);
			name = Frameworks;
			sourceTree = "<group>";
		};
		A2B97C8220709753005D5FCE = {
			isa = PBXGroup;
			children = (
				A2B97C8D20709753005D5FCE /* timer */,
				A2B97C8C20709753005D5FCE /* Products */,
				A254FC3E2078AFEB00F48DD0 /* Frameworks */,
			);
			sourceTree = "<group>";
		};
		A2B97C8C20709753005D5FCE /* Products */ = {
			isa = PBXGroup;
			children = (
				A2B97C8B20709753005D5FCE /* timer.app */,
			);
			name = Products;
			sourceTree = "<group>";
		};
		A2B97C8D20709753005D5FCE /* timer */ = {
			isa = PBXGroup;
			children = (
				A254FC3C2078AF4A00F48DD0 /* clap.mp3 */,
				A2B97C8E20709753005D5FCE /* AppDelegate.swift */,
				A2B97C9020709753005D5FCE /* ViewController.swift */,
				A2B97C9220709755005D5FCE /* Assets.xcassets */,
				A2B97C9420709755005D5FCE /* Main.storyboard */,
				A2B97C9720709755005D5FCE /* Info.plist */,
				A2B97C9820709755005D5FCE /* timer.entitlements */,
			);
			path = timer;
			sourceTree = "<group>";
		};
/* End PBXGroup section */

/* Begin PBXNativeTarget section */
		A2B97C8A20709753005D5FCE /* timer */ = {
			isa = PBXNativeTarget;
			buildConfigurationList = A2B97C9B20709755005D5FCE /* Build configuration list for PBXNativeTarget "timer" */;
			buildPhases = (
				A2B97C8720709753005D5FCE /* Sources */,
				A2B97C8820709753005D5FCE /* Frameworks */,
				A2B97C8920709753005D5FCE /* Resources */,
			);
			buildRules = (
			);
			dependencies = (
			);
			name = timer;
			productName = timer;
			productReference = A2B97C8B20709753005D5FCE /* timer.app */;
			productType = "com.apple.product-type.application";
		};
/* End PBXNativeTarget section */

/* Begin PBXProject section */
		A2B97C8320709753005D5FCE /* Project object */ = {
			isa = PBXProject;
			attributes = {
				LastSwiftUpdateCheck = 0930;
				LastUpgradeCheck = 0930;
				ORGANIZATIONNAME = akimach;
				TargetAttributes = {
					A2B97C8A20709753005D5FCE = {
						CreatedOnToolsVersion = 9.3;
					};
				};
			};
			buildConfigurationList = A2B97C8620709753005D5FCE /* Build configuration list for PBXProject "timer" */;
			compatibilityVersion = "Xcode 9.3";
			developmentRegion = en;
			hasScannedForEncodings = 0;
			knownRegions = (
				en,
				Base,
			);
			mainGroup = A2B97C8220709753005D5FCE;
			productRefGroup = A2B97C8C20709753005D5FCE /* Products */;
			projectDirPath = "";
			projectRoot = "";
			targets = (
				A2B97C8A20709753005D5FCE /* timer */,
			);
		};
/* End PBXProject section */

/* Begin PBXResourcesBuildPhase section */
		A2B97C8920709753005D5FCE /* Resources */ = {
			isa = PBXResourcesBuildPhase;
			buildActionMask = 2147483647;
			files = (
				A254FC3D2078AF4A00F48DD0 /* clap.mp3 in Resources */,
				A2B97C9320709755005D5FCE /* Assets.xcassets in Resources */,
				A2B97C9620709755005D5FCE /* Main.storyboard in Resources */,
			);
			runOnlyForDeploymentPostprocessing = 0;
		};
/* End PBXResourcesBuildPhase section */

/* Begin PBXSourcesBuildPhase section */
		A2B97C8720709753005D5FCE /* Sources */ = {
			isa = PBXSourcesBuildPhase;
			buildActionMask = 2147483647;
			files = (
				A2B97C9120709753005D5FCE /* ViewController.swift in Sources */,
				A2B97C8F20709753005D5FCE /* AppDelegate.swift in Sources */,
			);
			runOnlyForDeploymentPostprocessing = 0;
		};
/* End PBXSourcesBuildPhase section */

/* Begin PBXVariantGroup section */
		A2B97C9420709755005D5FCE /* Main.storyboard */ = {
			isa = PBXVariantGroup;
			children = (
				A2B97C9520709755005D5FCE /* Base */,
			);
			name = Main.storyboard;
			sourceTree = "<group>";
		};
/* End PBXVariantGroup section */

/* Begin XCBuildConfiguration section */
		A2B97C9920709755005D5FCE /* Debug */ = {
			isa = XCBuildConfiguration;
			buildSettings = {
				ALWAYS_SEARCH_USER_PATHS = NO;
				CLANG_ANALYZER_NONNULL = YES;
				CLANG_ANALYZER_NUMBER_OBJECT_CONVERSION = YES_AGGRESSIVE;
				CLANG_CXX_LANGUAGE_STANDARD = "gnu++14";
				CLANG_CXX_LIBRARY = "libc++";
				CLANG_ENABLE_MODULES = YES;
				CLANG_ENABLE_OBJC_ARC = YES;
				CLANG_ENABLE_OBJC_WEAK = YES;
				CLANG_WARN_BLOCK_CAPTURE_AUTORELEASING = YES;
				CLANG_WARN_BOOL_CONVERSION = YES;
				CLANG_WARN_COMMA = YES;
				CLANG_WARN_CONSTANT_CONVERSION = YES;
				CLANG_WARN_DEPRECATED_OBJC_IMPLEMENTATIONS = YES;
				CLANG_WARN_DIRECT_OBJC_ISA_USAGE = YES_ERROR;
				CLANG_WARN_DOCUMENTATION_COMMENTS = YES;
				CLANG_WARN_EMPTY_BODY = YES;
				CLANG_WARN_ENUM_CONVERSION = YES;
				CLANG_WARN_INFINITE_RECURSION = YES;
				CLANG_WARN_INT_CONVERSION = YES;
				CLANG_WARN_NON_LITERAL_NULL_CONVERSION = YES;
				CLANG_WARN_OBJC_IMPLICIT_RETAIN_SELF = YES;
				CLANG_WARN_OBJC_LITERAL_CONVERSION = YES;
				CLANG_WARN_OBJC_ROOT_CLASS = YES_ERROR;
				CLANG_WARN_RANGE_LOOP_ANALYSIS = YES;
				CLANG_WARN_STRICT_PROTOTYPES = YES;
				CLANG_WARN_SUSPICIOUS_MOVE = YES;
				CLANG_WARN_UNGUARDED_AVAILABILITY = YES_AGGRESSIVE;
				CLANG_WARN_UNREACHABLE_CODE = YES;
				CLANG_WARN__DUPLICATE_METHOD_MATCH = YES;
				CODE_SIGN_IDENTITY = "Mac Developer";
				COPY_PHASE_STRIP = NO;
				DEBUG_INFORMATION_FORMAT = dwarf;
				ENABLE_STRICT_OBJC_MSGSEND = YES;
				ENABLE_TESTABILITY = YES;
				GCC_C_LANGUAGE_STANDARD = gnu11;
				GCC_DYNAMIC_NO_PIC = NO;
				GCC_NO_COMMON_BLOCKS = YES;
				GCC_OPTIMIZATION_LEVEL = 0;
				GCC_PREPROCESSOR_DEFINITIONS = (
					"DEBUG=1",
					"$(inherited)",
				);
				GCC_WARN_64_TO_32_BIT_CONVERSION = YES;
				GCC_WARN_ABOUT_RETURN_TYPE = YES_ERROR;
				GCC_WARN_UNDECLARED_SELECTOR = YES;
				GCC_WARN_UNINITIALIZED_AUTOS = YES_AGGRESSIVE;
				GCC_WARN_UNUSED_FUNCTION = YES;
				GCC_WARN_UNUSED_VARIABLE = YES;
				MACOSX_DEPLOYMENT_TARGET = 10.13;
				MTL_ENABLE_DEBUG_INFO = YES;
				ONLY_ACTIVE_ARCH = YES;
				SDKROOT = macosx;
				SWIFT_ACTIVE_COMPILATION_CONDITIONS = DEBUG;
				SWIFT_OPTIMIZATION_LEVEL = "-Onone";
			};
			name = Debug;
		};
		A2B97C9A20709755005D5FCE /* Release */ = {
			isa = XCBuildConfiguration;
			buildSettings = {
				ALWAYS_SEARCH_USER_PATHS = NO;
				CLANG_ANALYZER_NONNULL = YES;
				CLANG_ANALYZER_NUMBER_OBJECT_CONVERSION = YES_AGGRESSIVE;
				CLANG_CXX_LANGUAGE_STANDARD = "gnu++14";
				CLANG_CXX_LIBRARY = "libc++";
				CLANG_ENABLE_MODULES = YES;
				CLANG_ENABLE_OBJC_ARC = YES;
				CLANG_ENABLE_OBJC_WEAK = YES;
				CLANG_WARN_BLOCK_CAPTURE_AUTORELEASING = YES;
				CLANG_WARN_BOOL_CONVERSION = YES;
				CLANG_WARN_COMMA = YES;
				CLANG_WARN_CONSTANT_CONVERSION = YES;
				CLANG_WARN_DEPRECATED_OBJC_IMPLEMENTATIONS = YES;
				CLANG_WARN_DIRECT_OBJC_ISA_USAGE = YES_ERROR;
				CLANG_WARN_DOCUMENTATION_COMMENTS = YES;
				CLANG_WARN_EMPTY_BODY = YES;
				CLANG_WARN_ENUM_CONVERSION = YES;
				CLANG_WARN_INFINITE_RECURSION = YES;
				CLANG_WARN_INT_CONVERSION = YES;
				CLANG_WARN_NON_LITERAL_NULL_CONVERSION = YES;
				CLANG_WARN_OBJC_IMPLICIT_RETAIN_SELF = YES;
				CLANG_WARN_OBJC_LITERAL_CONVERSION = YES;
				CLANG_WARN_OBJC_ROOT_CLASS = YES_ERROR;
				CLANG_WARN_RANGE_LOOP_ANALYSIS = YES;
				CLANG_WARN_STRICT_PROTOTYPES = YES;
				CLANG_WARN_SUSPICIOUS_MOVE = YES;
				CLANG_WARN_UNGUARDED_AVAILABILITY = YES_AGGRESSIVE;
				CLANG_WARN_UNREACHABLE_CODE = YES;
				CLANG_WARN__DUPLICATE_METHOD_MATCH = YES;
				CODE_SIGN_IDENTITY = "Mac Developer";
				COPY_PHASE_STRIP = NO;
				DEBUG_INFORMATION_FORMAT = "dwarf-with-dsym";
				ENABLE_NS_ASSERTIONS = NO;
				ENABLE_STRICT_OBJC_MSGSEND = YES;
				GCC_C_LANGUAGE_STANDARD = gnu11;
				GCC_NO_COMMON_BLOCKS = YES;
				GCC_WARN_64_TO_32_BIT_CONVERSION = YES;
				GCC_WARN_ABOUT_RETURN_TYPE = YES_ERROR;
				GCC_WARN_UNDECLARED_SELECTOR = YES;
				GCC_WARN_UNINITIALIZED_AUTOS = YES_AGGRESSIVE;
				GCC_WARN_UNUSED_FUNCTION = YES;
				GCC_WARN_UNUSED_VARIABLE = YES;
				MACOSX_DEPLOYMENT_TARGET = 10.13;
				MTL_ENABLE_DEBUG_INFO = NO;
				SDKROOT = macosx;
				SWIFT_COMPILATION_MODE = wholemodule;
				SWIFT_OPTIMIZATION_LEVEL = "-O";
			};
			name = Release;
		};
		A2B97C9C20709755005D5FCE /* Debug */ = {
			isa = XCBuildConfiguration;
			buildSettings = {
				ASSETCATALOG_COMPILER_APPICON_NAME = AppIcon;
				CODE_SIGN_ENTITLEMENTS = timer/timer.entitlements;
				CODE_SIGN_IDENTITY = "";
				CODE_SIGN_STYLE = Manual;
				COMBINE_HIDPI_IMAGES = YES;
				DEVELOPMENT_TEAM = "";
				INFOPLIST_FILE = timer/Info.plist;
				LD_RUNPATH_SEARCH_PATHS = (
					"$(inherited)",
					"@executable_path/../Frameworks",
				);
				MACOSX_DEPLOYMENT_TARGET = 10.12;
				PRODUCT_BUNDLE_IDENTIFIER = akimacho.lttimer.com;
				PRODUCT_NAME = "$(TARGET_NAME)";
				PROVISIONING_PROFILE_SPECIFIER = "";
				SWIFT_VERSION = 4.0;
			};
			name = Debug;
		};
		A2B97C9D20709755005D5FCE /* Release */ = {
			isa = XCBuildConfiguration;
			buildSettings = {
				ASSETCATALOG_COMPILER_APPICON_NAME = AppIcon;
				CODE_SIGN_ENTITLEMENTS = timer/timer.entitlements;
				CODE_SIGN_IDENTITY = "";
				CODE_SIGN_STYLE = Manual;
				COMBINE_HIDPI_IMAGES = YES;
				DEVELOPMENT_TEAM = "";
				INFOPLIST_FILE = timer/Info.plist;
				LD_RUNPATH_SEARCH_PATHS = (
					"$(inherited)",
					"@executable_path/../Frameworks",
				);
				MACOSX_DEPLOYMENT_TARGET = 10.12;
				PRODUCT_BUNDLE_IDENTIFIER = akimacho.lttimer.com;
				PRODUCT_NAME = "$(TARGET_NAME)";
				PROVISIONING_PROFILE_SPECIFIER = "";
				SWIFT_VERSION = 4.0;
			};
			name = Release;
		};
/* End XCBuildConfiguration section */

/* Begin XCConfigurationList section */
		A2B97C8620709753005D5FCE /* Build configuration list for PBXProject "timer" */ = {
			isa = XCConfigurationList;
			buildConfigurations = (
				A2B97C9920709755005D5FCE /* Debug */,
				A2B97C9A20709755005D5FCE /* Release */,
			);
			defaultConfigurationIsVisible = 0;
			defaultConfigurationName = Release;
		};
		A2B97C9B20709755005D5FCE /* Build configuration list for PBXNativeTarget "timer" */ = {
			isa = XCConfigurationList;
			buildConfigurations = (
				A2B97C9C20709755005D5FCE /* Debug */,
				A2B97C9D20709755005D5FCE /* Release */,
			);
			defaultConfigurationIsVisible = 0;
			defaultConfigurationName = Release;
		};
/* End XCConfigurationList section */
	};
	rootObject = A2B97C8320709753005D5FCE /* Project object */;
}
