// !$*UTF8*$!
{
	archiveVersion = 1;
	classes = {
	};
	objectVersion = 50;
	objects = {

/* Begin PBXBuildFile section */
		A23961B62091FBF300402871 /* LTTimer.swift in Sources */ = {isa = PBXBuildFile; fileRef = A23961B52091FBF300402871 /* LTTimer.swift */; };
		A23961B82092149200402871 /* LTTimerProtocol.swift in Sources */ = {isa = PBXBuildFile; fileRef = A23961B72092149200402871 /* LTTimerProtocol.swift */; };
		A274AC592091C49C00916356 /* AppDelegate.swift in Sources */ = {isa = PBXBuildFile; fileRef = A274AC582091C49C00916356 /* AppDelegate.swift */; };
		A274AC5B2091C49C00916356 /* ViewController.swift in Sources */ = {isa = PBXBuildFile; fileRef = A274AC5A2091C49C00916356 /* ViewController.swift */; };
		A274AC5D2091C49F00916356 /* Assets.xcassets in Resources */ = {isa = PBXBuildFile; fileRef = A274AC5C2091C49F00916356 /* Assets.xcassets */; };
		A274AC602091C49F00916356 /* Main.storyboard in Resources */ = {isa = PBXBuildFile; fileRef = A274AC5E2091C49F00916356 /* Main.storyboard */; };
		A2E03AD920935E46005D22BE /* Pods_hoge.framework in Frameworks */ = {isa = PBXBuildFile; fileRef = 31CD1DC6940DCF5262C7BBFE /* Pods_hoge.framework */; };
		A2E03ADA20935E46005D22BE /* Pods_hoge.framework in Embed Frameworks */ = {isa = PBXBuildFile; fileRef = 31CD1DC6940DCF5262C7BBFE /* Pods_hoge.framework */; settings = {ATTRIBUTES = (CodeSignOnCopy, RemoveHeadersOnCopy, ); }; };
/* End PBXBuildFile section */

/* Begin PBXCopyFilesBuildPhase section */
		A2E03ADE20935E46005D22BE /* Embed Frameworks */ = {
			isa = PBXCopyFilesBuildPhase;
			buildActionMask = 2147483647;
			dstPath = "";
			dstSubfolderSpec = 10;
			files = (
				A2E03ADA20935E46005D22BE /* Pods_hoge.framework in Embed Frameworks */,
			);
			name = "Embed Frameworks";
			runOnlyForDeploymentPostprocessing = 0;
		};
/* End PBXCopyFilesBuildPhase section */

/* Begin PBXFileReference section */
		31CD1DC6940DCF5262C7BBFE /* Pods_hoge.framework */ = {isa = PBXFileReference; explicitFileType = wrapper.framework; includeInIndex = 0; path = Pods_hoge.framework; sourceTree = BUILT_PRODUCTS_DIR; };
		684AB199CA10FD8F058E526A /* Pods-hoge.debug.xcconfig */ = {isa = PBXFileReference; includeInIndex = 1; lastKnownFileType = text.xcconfig; name = "Pods-hoge.debug.xcconfig"; path = "Pods/Target Support Files/Pods-hoge/Pods-hoge.debug.xcconfig"; sourceTree = "<group>"; };
		964EEA8BF35F721A456280E2 /* Pods-hoge.release.xcconfig */ = {isa = PBXFileReference; includeInIndex = 1; lastKnownFileType = text.xcconfig; name = "Pods-hoge.release.xcconfig"; path = "Pods/Target Support Files/Pods-hoge/Pods-hoge.release.xcconfig"; sourceTree = "<group>"; };
		A23961B52091FBF300402871 /* LTTimer.swift */ = {isa = PBXFileReference; lastKnownFileType = sourcecode.swift; path = LTTimer.swift; sourceTree = "<group>"; };
		A23961B72092149200402871 /* LTTimerProtocol.swift */ = {isa = PBXFileReference; lastKnownFileType = sourcecode.swift; path = LTTimerProtocol.swift; sourceTree = "<group>"; };
		A274AC552091C49C00916356 /* hoge.app */ = {isa = PBXFileReference; explicitFileType = wrapper.application; includeInIndex = 0; path = hoge.app; sourceTree = BUILT_PRODUCTS_DIR; };
		A274AC582091C49C00916356 /* AppDelegate.swift */ = {isa = PBXFileReference; lastKnownFileType = sourcecode.swift; path = AppDelegate.swift; sourceTree = "<group>"; };
		A274AC5A2091C49C00916356 /* ViewController.swift */ = {isa = PBXFileReference; lastKnownFileType = sourcecode.swift; path = ViewController.swift; sourceTree = "<group>"; };
		A274AC5C2091C49F00916356 /* Assets.xcassets */ = {isa = PBXFileReference; lastKnownFileType = folder.assetcatalog; path = Assets.xcassets; sourceTree = "<group>"; };
		A274AC5F2091C49F00916356 /* Base */ = {isa = PBXFileReference; lastKnownFileType = file.storyboard; name = Base; path = Base.lproj/Main.storyboard; sourceTree = "<group>"; };
		A274AC612091C49F00916356 /* Info.plist */ = {isa = PBXFileReference; lastKnownFileType = text.plist.xml; path = Info.plist; sourceTree = "<group>"; };
		A274AC622091C49F00916356 /* hoge.entitlements */ = {isa = PBXFileReference; lastKnownFileType = text.plist.entitlements; path = hoge.entitlements; sourceTree = "<group>"; };
/* End PBXFileReference section */

/* Begin PBXFrameworksBuildPhase section */
		A274AC522091C49C00916356 /* Frameworks */ = {
			isa = PBXFrameworksBuildPhase;
			buildActionMask = 2147483647;
			files = (
				A2E03AD920935E46005D22BE /* Pods_hoge.framework in Frameworks */,
			);
			runOnlyForDeploymentPostprocessing = 0;
		};
/* End PBXFrameworksBuildPhase section */

/* Begin PBXGroup section */
		5269DD81659F88A3513F3527 /* Pods */ = {
			isa = PBXGroup;
			children = (
				684AB199CA10FD8F058E526A /* Pods-hoge.debug.xcconfig */,
				964EEA8BF35F721A456280E2 /* Pods-hoge.release.xcconfig */,
			);
			name = Pods;
			sourceTree = "<group>";
		};
		A274AC4C2091C49C00916356 = {
			isa = PBXGroup;
			children = (
				A274AC572091C49C00916356 /* hoge */,
				A274AC562091C49C00916356 /* Products */,
				5269DD81659F88A3513F3527 /* Pods */,
				AF9EC3E15968EA859C2320BE /* Frameworks */,
			);
			sourceTree = "<group>";
		};
		A274AC562091C49C00916356 /* Products */ = {
			isa = PBXGroup;
			children = (
				A274AC552091C49C00916356 /* hoge.app */,
			);
			name = Products;
			sourceTree = "<group>";
		};
		A274AC572091C49C00916356 /* hoge */ = {
			isa = PBXGroup;
			children = (
				A274AC582091C49C00916356 /* AppDelegate.swift */,
				A274AC5A2091C49C00916356 /* ViewController.swift */,
				A23961B52091FBF300402871 /* LTTimer.swift */,
				A23961B72092149200402871 /* LTTimerProtocol.swift */,
				A274AC5C2091C49F00916356 /* Assets.xcassets */,
				A274AC5E2091C49F00916356 /* Main.storyboard */,
				A274AC612091C49F00916356 /* Info.plist */,
				A274AC622091C49F00916356 /* hoge.entitlements */,
			);
			path = hoge;
			sourceTree = "<group>";
		};
		AF9EC3E15968EA859C2320BE /* Frameworks */ = {
			isa = PBXGroup;
			children = (
				31CD1DC6940DCF5262C7BBFE /* Pods_hoge.framework */,
			);
			name = Frameworks;
			sourceTree = "<group>";
		};
/* End PBXGroup section */

/* Begin PBXNativeTarget section */
		A274AC542091C49C00916356 /* hoge */ = {
			isa = PBXNativeTarget;
			buildConfigurationList = A274AC652091C49F00916356 /* Build configuration list for PBXNativeTarget "hoge" */;
			buildPhases = (
				9BE95A6E9E80A491996DE07E /* [CP] Check Pods Manifest.lock */,
				A274AC512091C49C00916356 /* Sources */,
				A274AC522091C49C00916356 /* Frameworks */,
				A274AC532091C49C00916356 /* Resources */,
				0F1935673527C6C7049AF1D5 /* [CP] Embed Pods Frameworks */,
				7EAF5FAF4B8B5BA982A9167C /* [CP] Copy Pods Resources */,
				A2E03ADE20935E46005D22BE /* Embed Frameworks */,
			);
			buildRules = (
			);
			dependencies = (
			);
			name = hoge;
			productName = hoge;
			productReference = A274AC552091C49C00916356 /* hoge.app */;
			productType = "com.apple.product-type.application";
		};
/* End PBXNativeTarget section */

/* Begin PBXProject section */
		A274AC4D2091C49C00916356 /* Project object */ = {
			isa = PBXProject;
			attributes = {
				LastSwiftUpdateCheck = 0930;
				LastUpgradeCheck = 0930;
				ORGANIZATIONNAME = akimach;
				TargetAttributes = {
					A274AC542091C49C00916356 = {
						CreatedOnToolsVersion = 9.3;
					};
				};
			};
			buildConfigurationList = A274AC502091C49C00916356 /* Build configuration list for PBXProject "hoge" */;
			compatibilityVersion = "Xcode 9.3";
			developmentRegion = en;
			hasScannedForEncodings = 0;
			knownRegions = (
				en,
				Base,
			);
			mainGroup = A274AC4C2091C49C00916356;
			productRefGroup = A274AC562091C49C00916356 /* Products */;
			projectDirPath = "";
			projectRoot = "";
			targets = (
				A274AC542091C49C00916356 /* hoge */,
			);
		};
/* End PBXProject section */

/* Begin PBXResourcesBuildPhase section */
		A274AC532091C49C00916356 /* Resources */ = {
			isa = PBXResourcesBuildPhase;
			buildActionMask = 2147483647;
			files = (
				A274AC5D2091C49F00916356 /* Assets.xcassets in Resources */,
				A274AC602091C49F00916356 /* Main.storyboard in Resources */,
			);
			runOnlyForDeploymentPostprocessing = 0;
		};
/* End PBXResourcesBuildPhase section */

/* Begin PBXShellScriptBuildPhase section */
		0F1935673527C6C7049AF1D5 /* [CP] Embed Pods Frameworks */ = {
			isa = PBXShellScriptBuildPhase;
			buildActionMask = 2147483647;
			files = (
			);
			inputPaths = (
				"${SRCROOT}/Pods/Target Support Files/Pods-hoge/Pods-hoge-frameworks.sh",
				"${BUILT_PRODUCTS_DIR}/Alamofire/Alamofire.framework",
				"${BUILT_PRODUCTS_DIR}/Swifter/Swifter.framework",
				"${BUILT_PRODUCTS_DIR}/SwiftyJSON/SwiftyJSON.framework",
			);
			name = "[CP] Embed Pods Frameworks";
			outputPaths = (
				"${TARGET_BUILD_DIR}/${FRAMEWORKS_FOLDER_PATH}/Alamofire.framework",
				"${TARGET_BUILD_DIR}/${FRAMEWORKS_FOLDER_PATH}/Swifter.framework",
				"${TARGET_BUILD_DIR}/${FRAMEWORKS_FOLDER_PATH}/SwiftyJSON.framework",
			);
			runOnlyForDeploymentPostprocessing = 0;
			shellPath = /bin/sh;
			shellScript = "\"${SRCROOT}/Pods/Target Support Files/Pods-hoge/Pods-hoge-frameworks.sh\"\n";
			showEnvVarsInLog = 0;
		};
		7EAF5FAF4B8B5BA982A9167C /* [CP] Copy Pods Resources */ = {
			isa = PBXShellScriptBuildPhase;
			buildActionMask = 2147483647;
			files = (
			);
			inputPaths = (
			);
			name = "[CP] Copy Pods Resources";
			outputPaths = (
			);
			runOnlyForDeploymentPostprocessing = 0;
			shellPath = /bin/sh;
			shellScript = "\"${SRCROOT}/Pods/Target Support Files/Pods-hoge/Pods-hoge-resources.sh\"\n";
			showEnvVarsInLog = 0;
		};
		9BE95A6E9E80A491996DE07E /* [CP] Check Pods Manifest.lock */ = {
			isa = PBXShellScriptBuildPhase;
			buildActionMask = 2147483647;
			files = (
			);
			inputPaths = (
				"${PODS_PODFILE_DIR_PATH}/Podfile.lock",
				"${PODS_ROOT}/Manifest.lock",
			);
			name = "[CP] Check Pods Manifest.lock";
			outputPaths = (
				"$(DERIVED_FILE_DIR)/Pods-hoge-checkManifestLockResult.txt",
			);
			runOnlyForDeploymentPostprocessing = 0;
			shellPath = /bin/sh;
			shellScript = "diff \"${PODS_PODFILE_DIR_PATH}/Podfile.lock\" \"${PODS_ROOT}/Manifest.lock\" > /dev/null\nif [ $? != 0 ] ; then\n    # print error to STDERR\n    echo \"error: The sandbox is not in sync with the Podfile.lock. Run 'pod install' or update your CocoaPods installation.\" >&2\n    exit 1\nfi\n# This output is used by Xcode 'outputs' to avoid re-running this script phase.\necho \"SUCCESS\" > \"${SCRIPT_OUTPUT_FILE_0}\"\n";
			showEnvVarsInLog = 0;
		};
/* End PBXShellScriptBuildPhase section */

/* Begin PBXSourcesBuildPhase section */
		A274AC512091C49C00916356 /* Sources */ = {
			isa = PBXSourcesBuildPhase;
			buildActionMask = 2147483647;
			files = (
				A23961B62091FBF300402871 /* LTTimer.swift in Sources */,
				A274AC5B2091C49C00916356 /* ViewController.swift in Sources */,
				A274AC592091C49C00916356 /* AppDelegate.swift in Sources */,
				A23961B82092149200402871 /* LTTimerProtocol.swift in Sources */,
			);
			runOnlyForDeploymentPostprocessing = 0;
		};
/* End PBXSourcesBuildPhase section */

/* Begin PBXVariantGroup section */
		A274AC5E2091C49F00916356 /* Main.storyboard */ = {
			isa = PBXVariantGroup;
			children = (
				A274AC5F2091C49F00916356 /* Base */,
			);
			name = Main.storyboard;
			sourceTree = "<group>";
		};
/* End PBXVariantGroup section */

/* Begin XCBuildConfiguration section */
		A274AC632091C49F00916356 /* Debug */ = {
			isa = XCBuildConfiguration;
			buildSettings = {
				ALWAYS_SEARCH_USER_PATHS = NO;
				CLANG_ANALYZER_NONNULL = YES;
				CLANG_ANALYZER_NUMBER_OBJECT_CONVERSION = YES_AGGRESSIVE;
				CLANG_CXX_LANGUAGE_STANDARD = "gnu++14";
				CLANG_CXX_LIBRARY = "libc++";
				CLANG_ENABLE_MODULES = YES;
				CLANG_ENABLE_OBJC_ARC = YES;
				CLANG_ENABLE_OBJC_WEAK = YES;
				CLANG_WARN_BLOCK_CAPTURE_AUTORELEASING = YES;
				CLANG_WARN_BOOL_CONVERSION = YES;
				CLANG_WARN_COMMA = YES;
				CLANG_WARN_CONSTANT_CONVERSION = YES;
				CLANG_WARN_DEPRECATED_OBJC_IMPLEMENTATIONS = YES;
				CLANG_WARN_DIRECT_OBJC_ISA_USAGE = YES_ERROR;
				CLANG_WARN_DOCUMENTATION_COMMENTS = YES;
				CLANG_WARN_EMPTY_BODY = YES;
				CLANG_WARN_ENUM_CONVERSION = YES;
				CLANG_WARN_INFINITE_RECURSION = YES;
				CLANG_WARN_INT_CONVERSION = YES;
				CLANG_WARN_NON_LITERAL_NULL_CONVERSION = YES;
				CLANG_WARN_OBJC_IMPLICIT_RETAIN_SELF = YES;
				CLANG_WARN_OBJC_LITERAL_CONVERSION = YES;
				CLANG_WARN_OBJC_ROOT_CLASS = YES_ERROR;
				CLANG_WARN_RANGE_LOOP_ANALYSIS = YES;
				CLANG_WARN_STRICT_PROTOTYPES = YES;
				CLANG_WARN_SUSPICIOUS_MOVE = YES;
				CLANG_WARN_UNGUARDED_AVAILABILITY = YES_AGGRESSIVE;
				CLANG_WARN_UNREACHABLE_CODE = YES;
				CLANG_WARN__DUPLICATE_METHOD_MATCH = YES;
				CODE_SIGN_IDENTITY = "";
				COPY_PHASE_STRIP = NO;
				DEBUG_INFORMATION_FORMAT = dwarf;
				ENABLE_STRICT_OBJC_MSGSEND = YES;
				ENABLE_TESTABILITY = YES;
				GCC_C_LANGUAGE_STANDARD = gnu11;
				GCC_DYNAMIC_NO_PIC = NO;
				GCC_NO_COMMON_BLOCKS = YES;
				GCC_OPTIMIZATION_LEVEL = 0;
				GCC_PREPROCESSOR_DEFINITIONS = (
					"DEBUG=1",
					"$(inherited)",
				);
				GCC_WARN_64_TO_32_BIT_CONVERSION = YES;
				GCC_WARN_ABOUT_RETURN_TYPE = YES_ERROR;
				GCC_WARN_UNDECLARED_SELECTOR = YES;
				GCC_WARN_UNINITIALIZED_AUTOS = YES_AGGRESSIVE;
				GCC_WARN_UNUSED_FUNCTION = YES;
				GCC_WARN_UNUSED_VARIABLE = YES;
				MACOSX_DEPLOYMENT_TARGET = 10.13;
				MTL_ENABLE_DEBUG_INFO = YES;
				ONLY_ACTIVE_ARCH = YES;
				SDKROOT = macosx;
				SWIFT_ACTIVE_COMPILATION_CONDITIONS = DEBUG;
				SWIFT_OPTIMIZATION_LEVEL = "-Onone";
			};
			name = Debug;
		};
		A274AC642091C49F00916356 /* Release */ = {
			isa = XCBuildConfiguration;
			buildSettings = {
				ALWAYS_SEARCH_USER_PATHS = NO;
				CLANG_ANALYZER_NONNULL = YES;
				CLANG_ANALYZER_NUMBER_OBJECT_CONVERSION = YES_AGGRESSIVE;
				CLANG_CXX_LANGUAGE_STANDARD = "gnu++14";
				CLANG_CXX_LIBRARY = "libc++";
				CLANG_ENABLE_MODULES = YES;
				CLANG_ENABLE_OBJC_ARC = YES;
				CLANG_ENABLE_OBJC_WEAK = YES;
				CLANG_WARN_BLOCK_CAPTURE_AUTORELEASING = YES;
				CLANG_WARN_BOOL_CONVERSION = YES;
				CLANG_WARN_COMMA = YES;
				CLANG_WARN_CONSTANT_CONVERSION = YES;
				CLANG_WARN_DEPRECATED_OBJC_IMPLEMENTATIONS = YES;
				CLANG_WARN_DIRECT_OBJC_ISA_USAGE = YES_ERROR;
				CLANG_WARN_DOCUMENTATION_COMMENTS = YES;
				CLANG_WARN_EMPTY_BODY = YES;
				CLANG_WARN_ENUM_CONVERSION = YES;
				CLANG_WARN_INFINITE_RECURSION = YES;
				CLANG_WARN_INT_CONVERSION = YES;
				CLANG_WARN_NON_LITERAL_NULL_CONVERSION = YES;
				CLANG_WARN_OBJC_IMPLICIT_RETAIN_SELF = YES;
				CLANG_WARN_OBJC_LITERAL_CONVERSION = YES;
				CLANG_WARN_OBJC_ROOT_CLASS = YES_ERROR;
				CLANG_WARN_RANGE_LOOP_ANALYSIS = YES;
				CLANG_WARN_STRICT_PROTOTYPES = YES;
				CLANG_WARN_SUSPICIOUS_MOVE = YES;
				CLANG_WARN_UNGUARDED_AVAILABILITY = YES_AGGRESSIVE;
				CLANG_WARN_UNREACHABLE_CODE = YES;
				CLANG_WARN__DUPLICATE_METHOD_MATCH = YES;
				CODE_SIGN_IDENTITY = "";
				COPY_PHASE_STRIP = NO;
				DEBUG_INFORMATION_FORMAT = "dwarf-with-dsym";
				ENABLE_NS_ASSERTIONS = NO;
				ENABLE_STRICT_OBJC_MSGSEND = YES;
				GCC_C_LANGUAGE_STANDARD = gnu11;
				GCC_NO_COMMON_BLOCKS = YES;
				GCC_WARN_64_TO_32_BIT_CONVERSION = YES;
				GCC_WARN_ABOUT_RETURN_TYPE = YES_ERROR;
				GCC_WARN_UNDECLARED_SELECTOR = YES;
				GCC_WARN_UNINITIALIZED_AUTOS = YES_AGGRESSIVE;
				GCC_WARN_UNUSED_FUNCTION = YES;
				GCC_WARN_UNUSED_VARIABLE = YES;
				MACOSX_DEPLOYMENT_TARGET = 10.13;
				MTL_ENABLE_DEBUG_INFO = NO;
				SDKROOT = macosx;
				SWIFT_COMPILATION_MODE = wholemodule;
				SWIFT_OPTIMIZATION_LEVEL = "-O";
			};
			name = Release;
		};
		A274AC662091C49F00916356 /* Debug */ = {
			isa = XCBuildConfiguration;
			baseConfigurationReference = 684AB199CA10FD8F058E526A /* Pods-hoge.debug.xcconfig */;
			buildSettings = {
				ASSETCATALOG_COMPILER_APPICON_NAME = AppIcon;
				CODE_SIGN_ENTITLEMENTS = hoge/hoge.entitlements;
				CODE_SIGN_STYLE = Manual;
				COMBINE_HIDPI_IMAGES = YES;
				DEVELOPMENT_TEAM = "";
				INFOPLIST_FILE = hoge/Info.plist;
				LD_RUNPATH_SEARCH_PATHS = (
					"$(inherited)",
					"@executable_path/../Frameworks",
				);
				MACOSX_DEPLOYMENT_TARGET = 10.12;
				PRODUCT_BUNDLE_IDENTIFIER = com.akimacho.lttimer.hoge;
				PRODUCT_NAME = "$(TARGET_NAME)";
				PROVISIONING_PROFILE_SPECIFIER = "";
				SWIFT_VERSION = 4.0;
			};
			name = Debug;
		};
		A274AC672091C49F00916356 /* Release */ = {
			isa = XCBuildConfiguration;
			baseConfigurationReference = 964EEA8BF35F721A456280E2 /* Pods-hoge.release.xcconfig */;
			buildSettings = {
				ASSETCATALOG_COMPILER_APPICON_NAME = AppIcon;
				CODE_SIGN_ENTITLEMENTS = hoge/hoge.entitlements;
				CODE_SIGN_STYLE = Manual;
				COMBINE_HIDPI_IMAGES = YES;
				DEVELOPMENT_TEAM = "";
				INFOPLIST_FILE = hoge/Info.plist;
				LD_RUNPATH_SEARCH_PATHS = (
					"$(inherited)",
					"@executable_path/../Frameworks",
				);
				MACOSX_DEPLOYMENT_TARGET = 10.12;
				PRODUCT_BUNDLE_IDENTIFIER = com.akimacho.lttimer.hoge;
				PRODUCT_NAME = "$(TARGET_NAME)";
				PROVISIONING_PROFILE_SPECIFIER = "";
				SWIFT_VERSION = 4.0;
			};
			name = Release;
		};
/* End XCBuildConfiguration section */

/* Begin XCConfigurationList section */
		A274AC502091C49C00916356 /* Build configuration list for PBXProject "hoge" */ = {
			isa = XCConfigurationList;
			buildConfigurations = (
				A274AC632091C49F00916356 /* Debug */,
				A274AC642091C49F00916356 /* Release */,
			);
			defaultConfigurationIsVisible = 0;
			defaultConfigurationName = Release;
		};
		A274AC652091C49F00916356 /* Build configuration list for PBXNativeTarget "hoge" */ = {
			isa = XCConfigurationList;
			buildConfigurations = (
				A274AC662091C49F00916356 /* Debug */,
				A274AC672091C49F00916356 /* Release */,
			);
			defaultConfigurationIsVisible = 0;
			defaultConfigurationName = Release;
		};
/* End XCConfigurationList section */
	};
	rootObject = A274AC4D2091C49C00916356 /* Project object */;
}
